
Microsoft Visual Studio Solution File, Format Version 12.00
# Visual Studio Version 17
VisualStudioVersion = 17.14.36414.22 d17.14
MinimumVisualStudioVersion = 10.0.40219.1
Project("{FAE04EC0-301F-11D3-BF4B-00C04F79EFBC}") = "ETGCoopMultipleItems", "ETGCoopMultipleItems.csproj", "{898AA5F6-A0A8-4A48-9D9B-1B3EBAFFA0B4}"
EndProject
Global
	GlobalSection(SolutionConfigurationPlatforms) = preSolution
		Debug|Any CPU = Debug|Any CPU
		Release|Any CPU = Release|Any CPU
	EndGlobalSection
	GlobalSection(ProjectConfigurationPlatforms) = postSolution
		{898AA5F6-A0A8-4A48-9D9B-1B3EBAFFA0B4}.Debug|Any CPU.ActiveCfg = Debug|Any CPU
		{898AA5F6-A0A8-4A48-9D9B-1B3EBAFFA0B4}.Debug|Any CPU.Build.0 = Debug|Any CPU
		{898AA5F6-A0A8-4A48-9D9B-1B3EBAFFA0B4}.Release|Any CPU.ActiveCfg = Release|Any CPU
		{898AA5F6-A0A8-4A48-9D9B-1B3EBAFFA0B4}.Release|Any CPU.Build.0 = Release|Any CPU
	EndGlobalSection
	GlobalSection(SolutionProperties) = preSolution
		HideSolutionNode = FALSE
	EndGlobalSection
	GlobalSection(ExtensibilityGlobals) = postSolution
		SolutionGuid = {F14E4B6C-95F1-4C57-BB13-5939C5CD6043}
	EndGlobalSection
EndGlobal
